schema: '2.0'
stages:
  discover:
    cmd: tladata discover
    deps:
    - path: config/seeds/queries.yaml
      hash: md5
      md5: 1bc4e352d75f4fc15c12d149fd9d5f46
      size: 159
    - path: config/seeds/repos.yaml
      hash: md5
      md5: 161812eea84c63e89f6f90b55c9448d4
      size: 493
    - path: src/tladata/discovery
      hash: md5
      md5: da67b5ea9b80082dc44354aa5931e7c1.dir
      size: 31800
      nfiles: 8
    outs:
    - path: manifests/sources/sources_latest.jsonl
      hash: md5
      md5: 6e7494460c13123ebe3e2c00bedc7c9c
      size: 4439
    - path: manifests/sources/sources_latest_formatted.jsonl
      hash: md5
      md5: 524f036d18aa7e19ac96203e1543730d
      size: 4823
  pull:
    cmd: tladata pull
    deps:
    - path: manifests/sources/sources_latest.jsonl
      hash: md5
      md5: 6e7494460c13123ebe3e2c00bedc7c9c
      size: 4439
    - path: src/tladata/extraction
      hash: md5
      md5: 4a7abab026429f5ad9734581a62c1201.dir
      size: 54296
      nfiles: 10
    outs:
    - path: data/raw
      hash: md5
      md5: bb5e8391d931fcd2534af013ef808684.dir
      size: 11507669
      nfiles: 2580
