schema: '2.0'
stages:
  discover:
    cmd: tladata discover
    deps:
    - path: config/seeds/queries.yaml
      hash: md5
      md5: 1bc4e352d75f4fc15c12d149fd9d5f46
      size: 159
    - path: config/seeds/repos.yaml
      hash: md5
      md5: 161812eea84c63e89f6f90b55c9448d4
      size: 493
    - path: src/tladata/discovery
      hash: md5
      md5: e1ae1f2de4dc9119ae083f8dc7fd8cc3.dir
      size: 31800
      nfiles: 8
    outs:
    - path: manifests/sources/sources_latest.jsonl
      hash: md5
      md5: ecf7a306da34fac125bcf64f7878f0a8
      size: 4439
    - path: manifests/sources/sources_latest_formatted.jsonl
      hash: md5
      md5: c308751d0ee74d3e42d32f08ceb83aa7
      size: 4823
  pull:
    cmd: tladata pull
    deps:
    - path: manifests/sources/sources_latest.jsonl
      hash: md5
      md5: ecf7a306da34fac125bcf64f7878f0a8
      size: 4439
    - path: src/tladata/extraction
      hash: md5
      md5: f1b692efd01db778be1143814efc5713.dir
      size: 54296
      nfiles: 10
    outs:
    - path: data/raw
      hash: md5
      md5: bb5e8391d931fcd2534af013ef808684.dir
      size: 11507669
      nfiles: 2580
