schema: '2.0'
stages:
  discover:
    cmd: tladata discover
    deps:
    - path: config/seeds/queries.yaml
      hash: md5
      md5: 1bc4e352d75f4fc15c12d149fd9d5f46
      size: 159
    - path: config/seeds/repos.yaml
      hash: md5
      md5: 161812eea84c63e89f6f90b55c9448d4
      size: 493
    - path: src/tladata/discovery
      hash: md5
      md5: 0ccc597dd133b2e8704db9dd27e71542.dir
      size: 31800
      nfiles: 8
    outs:
    - path: manifests/sources/sources_latest.jsonl
      hash: md5
      md5: 5f23a85f36dfddb4463f5de807e6a4c4
      size: 4439
    - path: manifests/sources/sources_latest_formatted.jsonl
      hash: md5
      md5: 033c2aa2b6ca08a4fb25127e94731f21
      size: 4823
  pull:
    cmd: tladata pull
    deps:
    - path: manifests/sources/sources_latest.jsonl
      hash: md5
      md5: 5f23a85f36dfddb4463f5de807e6a4c4
      size: 4439
    - path: src/tladata/extraction
      hash: md5
      md5: 5c9b641476d652e20df36fe5720fdc60.dir
      size: 54296
      nfiles: 10
    outs:
    - path: data/raw
      hash: md5
      md5: bb5e8391d931fcd2534af013ef808684.dir
      size: 11507669
      nfiles: 2580
